
Microsoft Visual Studio Solution File, Format Version 12.00
# Visual Studio Version 17
VisualStudioVersion = 17.11.35327.3
MinimumVisualStudioVersion = 10.0.40219.1
Project("{FAE04EC0-301F-11D3-BF4B-00C04F79EFBC}") = "c#CurrencyConverter", "c#CurrencyConverter.csproj", "{A1F5B86F-04FA-41D2-9CD6-3D0E33FF765A}"
EndProject
Global
	GlobalSection(SolutionConfigurationPlatforms) = preSolution
		Debug|Any CPU = Debug|Any CPU
		Release|Any CPU = Release|Any CPU
	EndGlobalSection
	GlobalSection(ProjectConfigurationPlatforms) = postSolution
		{A1F5B86F-04FA-41D2-9CD6-3D0E33FF765A}.Debug|Any CPU.ActiveCfg = Debug|Any CPU
		{A1F5B86F-04FA-41D2-9CD6-3D0E33FF765A}.Debug|Any CPU.Build.0 = Debug|Any CPU
		{A1F5B86F-04FA-41D2-9CD6-3D0E33FF765A}.Release|Any CPU.ActiveCfg = Release|Any CPU
		{A1F5B86F-04FA-41D2-9CD6-3D0E33FF765A}.Release|Any CPU.Build.0 = Release|Any CPU
	EndGlobalSection
	GlobalSection(SolutionProperties) = preSolution
		HideSolutionNode = FALSE
	EndGlobalSection
	GlobalSection(ExtensibilityGlobals) = postSolution
		SolutionGuid = {8925A5F7-5265-4898-B009-5A41DB73B760}
	EndGlobalSection
EndGlobal
